
Microsoft Visual Studio Solution File, Format Version 12.00
# Visual Studio Version 16
VisualStudioVersion = 16.0.32002.261
MinimumVisualStudioVersion = 10.0.40219.1
Project("{9A19103F-16F7-4668-BE54-9A1E7A4F7556}") = "AmazonBookstore", "AmazonBookstore\AmazonBookstore.csproj", "{D808F292-626A-442A-B73C-5133E69D248C}"
EndProject
Global
	GlobalSection(SolutionConfigurationPlatforms) = preSolution
		Debug|Any CPU = Debug|Any CPU
		Release|Any CPU = Release|Any CPU
	EndGlobalSection
	GlobalSection(ProjectConfigurationPlatforms) = postSolution
		{D808F292-626A-442A-B73C-5133E69D248C}.Debug|Any CPU.ActiveCfg = Debug|Any CPU
		{D808F292-626A-442A-B73C-5133E69D248C}.Debug|Any CPU.Build.0 = Debug|Any CPU
		{D808F292-626A-442A-B73C-5133E69D248C}.Release|Any CPU.ActiveCfg = Release|Any CPU
		{D808F292-626A-442A-B73C-5133E69D248C}.Release|Any CPU.Build.0 = Release|Any CPU
	EndGlobalSection
	GlobalSection(SolutionProperties) = preSolution
		HideSolutionNode = FALSE
	EndGlobalSection
	GlobalSection(ExtensibilityGlobals) = postSolution
		SolutionGuid = {78689CE6-CF59-43D4-9ED2-45FC7D792840}
	EndGlobalSection
EndGlobal
